
Microsoft Visual Studio Solution File, Format Version 12.00
Project("{FAE04EC0-301F-11D3-BF4B-00C04F79EFBC}") = "TicTacToe", "TicTacToe\TicTacToe.csproj", "{35A3C7FE-29CE-42FF-B809-B9C34FDB155E}"
EndProject
Global
	GlobalSection(SolutionConfigurationPlatforms) = preSolution
		Debug|Any CPU = Debug|Any CPU
		Release|Any CPU = Release|Any CPU
	EndGlobalSection
	GlobalSection(ProjectConfigurationPlatforms) = postSolution
		{35A3C7FE-29CE-42FF-B809-B9C34FDB155E}.Debug|Any CPU.ActiveCfg = Debug|Any CPU
		{35A3C7FE-29CE-42FF-B809-B9C34FDB155E}.Debug|Any CPU.Build.0 = Debug|Any CPU
		{35A3C7FE-29CE-42FF-B809-B9C34FDB155E}.Release|Any CPU.ActiveCfg = Release|Any CPU
		{35A3C7FE-29CE-42FF-B809-B9C34FDB155E}.Release|Any CPU.Build.0 = Release|Any CPU
	EndGlobalSection
EndGlobal
